# Rendered-file lock for estate-sync. Edit org/targets by hand;
# `estate-sync --estate DIR` maintains [estate] and [vendored].
version = 1
targets = ["claude"]

[estate]
repo = "rarebit-one/agent-estate"
sha = "3dd97365f9460c767d72b052e9e769c4b88f03d6"

[vendored]
"enforce-signed-commits" = "sha256:c7bc4295c9f0a2a693523c5a22345396782a4080b0a0ce77920f6bc24aa4d9b3"
"enforce-worktree" = "sha256:04ed414ecfddf7df00ddcabedbfeadbb7a77aac9fc13a28090427ae580a718f6"
"pre-push-prepare" = "sha256:6caabf23594f8e2b92f3fd0b506fcca9c1450d75410434552c2d9972fa5f6dc0"
