# Rendered-file lock for estate-sync. Edit org/targets by hand;
# `estate-sync --estate DIR` maintains [estate] and [vendored].
version = 1
targets = ["claude"]

[estate]
repo = "rarebit-one/agent-estate"
sha = "f05dc88568644b8ad469e927ee780d17b645bbea"

[vendored]
"enforce-signed-commits" = "sha256:c7bc4295c9f0a2a693523c5a22345396782a4080b0a0ce77920f6bc24aa4d9b3"
"enforce-worktree" = "sha256:04ed414ecfddf7df00ddcabedbfeadbb7a77aac9fc13a28090427ae580a718f6"
"pre-push-prepare" = "sha256:745fe383cb0af892bce91a3b134ae4eed500ce985079b98b356e037d8757d3e3"
